// !$*UTF8*$!
{
	archiveVersion = 1;
	classes = {
	};
	objectVersion = 50;
	objects = {

/* Begin PBXBuildFile section */
		8D5EDB4B209A9D29008085EF /* Problem1.cpp in Sources */ = {isa = PBXBuildFile; fileRef = 8D5EDB4A209A9D29008085EF /* Problem1.cpp */; };
		8D5EDB4E209A9DE0008085EF /* Item.cpp in Sources */ = {isa = PBXBuildFile; fileRef = 8D5EDB4C209A9DE0008085EF /* Item.cpp */; };
		8D5EDB51209AA1C2008085EF /* Book.cpp in Sources */ = {isa = PBXBuildFile; fileRef = 8D5EDB4F209AA1C2008085EF /* Book.cpp */; };
		8D5EDB54209AA346008085EF /* Movie.cpp in Sources */ = {isa = PBXBuildFile; fileRef = 8D5EDB52209AA346008085EF /* Movie.cpp */; };
		8D5EDB57209AA520008085EF /* CD.cpp in Sources */ = {isa = PBXBuildFile; fileRef = 8D5EDB55209AA520008085EF /* CD.cpp */; };
		8D5EDB5A209AA65D008085EF /* ShoppingCart.cpp in Sources */ = {isa = PBXBuildFile; fileRef = 8D5EDB58209AA65D008085EF /* ShoppingCart.cpp */; };
		8D5EDB5D209AA932008085EF /* Customer.cpp in Sources */ = {isa = PBXBuildFile; fileRef = 8D5EDB5B209AA932008085EF /* Customer.cpp */; };
/* End PBXBuildFile section */

/* Begin PBXCopyFilesBuildPhase section */
		8D5EDB3E209A9CE7008085EF /* CopyFiles */ = {
			isa = PBXCopyFilesBuildPhase;
			buildActionMask = 2147483647;
			dstPath = /usr/share/man/man1/;
			dstSubfolderSpec = 0;
			files = (
			);
			runOnlyForDeploymentPostprocessing = 1;
		};
/* End PBXCopyFilesBuildPhase section */

/* Begin PBXFileReference section */
		8D5EDB40209A9CE7008085EF /* Assignment6 */ = {isa = PBXFileReference; explicitFileType = "compiled.mach-o.executable"; includeInIndex = 0; path = Assignment6; sourceTree = BUILT_PRODUCTS_DIR; };
		8D5EDB4A209A9D29008085EF /* Problem1.cpp */ = {isa = PBXFileReference; lastKnownFileType = sourcecode.cpp.cpp; path = Problem1.cpp; sourceTree = "<group>"; };
		8D5EDB4C209A9DE0008085EF /* Item.cpp */ = {isa = PBXFileReference; lastKnownFileType = sourcecode.cpp.cpp; path = Item.cpp; sourceTree = "<group>"; };
		8D5EDB4D209A9DE0008085EF /* Item.hpp */ = {isa = PBXFileReference; lastKnownFileType = sourcecode.cpp.h; path = Item.hpp; sourceTree = "<group>"; };
		8D5EDB4F209AA1C2008085EF /* Book.cpp */ = {isa = PBXFileReference; lastKnownFileType = sourcecode.cpp.cpp; path = Book.cpp; sourceTree = "<group>"; };
		8D5EDB50209AA1C2008085EF /* Book.hpp */ = {isa = PBXFileReference; lastKnownFileType = sourcecode.cpp.h; path = Book.hpp; sourceTree = "<group>"; };
		8D5EDB52209AA346008085EF /* Movie.cpp */ = {isa = PBXFileReference; lastKnownFileType = sourcecode.cpp.cpp; path = Movie.cpp; sourceTree = "<group>"; };
		8D5EDB53209AA346008085EF /* Movie.hpp */ = {isa = PBXFileReference; lastKnownFileType = sourcecode.cpp.h; path = Movie.hpp; sourceTree = "<group>"; };
		8D5EDB55209AA520008085EF /* CD.cpp */ = {isa = PBXFileReference; lastKnownFileType = sourcecode.cpp.cpp; path = CD.cpp; sourceTree = "<group>"; };
		8D5EDB56209AA520008085EF /* CD.hpp */ = {isa = PBXFileReference; lastKnownFileType = sourcecode.cpp.h; path = CD.hpp; sourceTree = "<group>"; };
		8D5EDB58209AA65D008085EF /* ShoppingCart.cpp */ = {isa = PBXFileReference; lastKnownFileType = sourcecode.cpp.cpp; path = ShoppingCart.cpp; sourceTree = "<group>"; };
		8D5EDB59209AA65D008085EF /* ShoppingCart.hpp */ = {isa = PBXFileReference; lastKnownFileType = sourcecode.cpp.h; path = ShoppingCart.hpp; sourceTree = "<group>"; };
		8D5EDB5B209AA932008085EF /* Customer.cpp */ = {isa = PBXFileReference; lastKnownFileType = sourcecode.cpp.cpp; path = Customer.cpp; sourceTree = "<group>"; };
		8D5EDB5C209AA932008085EF /* Customer.hpp */ = {isa = PBXFileReference; lastKnownFileType = sourcecode.cpp.h; path = Customer.hpp; sourceTree = "<group>"; };
/* End PBXFileReference section */

/* Begin PBXFrameworksBuildPhase section */
		8D5EDB3D209A9CE7008085EF /* Frameworks */ = {
			isa = PBXFrameworksBuildPhase;
			buildActionMask = 2147483647;
			files = (
			);
			runOnlyForDeploymentPostprocessing = 0;
		};
/* End PBXFrameworksBuildPhase section */

/* Begin PBXGroup section */
		8D5EDB37209A9CE7008085EF = {
			isa = PBXGroup;
			children = (
				8D5EDB42209A9CE7008085EF /* Assignment6 */,
				8D5EDB41209A9CE7008085EF /* Products */,
			);
			sourceTree = "<group>";
		};
		8D5EDB41209A9CE7008085EF /* Products */ = {
			isa = PBXGroup;
			children = (
				8D5EDB40209A9CE7008085EF /* Assignment6 */,
			);
			name = Products;
			sourceTree = "<group>";
		};
		8D5EDB42209A9CE7008085EF /* Assignment6 */ = {
			isa = PBXGroup;
			children = (
				8D5EDB4A209A9D29008085EF /* Problem1.cpp */,
				8D5EDB4C209A9DE0008085EF /* Item.cpp */,
				8D5EDB4D209A9DE0008085EF /* Item.hpp */,
				8D5EDB4F209AA1C2008085EF /* Book.cpp */,
				8D5EDB50209AA1C2008085EF /* Book.hpp */,
				8D5EDB52209AA346008085EF /* Movie.cpp */,
				8D5EDB53209AA346008085EF /* Movie.hpp */,
				8D5EDB55209AA520008085EF /* CD.cpp */,
				8D5EDB56209AA520008085EF /* CD.hpp */,
				8D5EDB58209AA65D008085EF /* ShoppingCart.cpp */,
				8D5EDB59209AA65D008085EF /* ShoppingCart.hpp */,
				8D5EDB5B209AA932008085EF /* Customer.cpp */,
				8D5EDB5C209AA932008085EF /* Customer.hpp */,
			);
			path = Assignment6;
			sourceTree = "<group>";
		};
/* End PBXGroup section */

/* Begin PBXNativeTarget section */
		8D5EDB3F209A9CE7008085EF /* Assignment6 */ = {
			isa = PBXNativeTarget;
			buildConfigurationList = 8D5EDB47209A9CE7008085EF /* Build configuration list for PBXNativeTarget "Assignment6" */;
			buildPhases = (
				8D5EDB3C209A9CE7008085EF /* Sources */,
				8D5EDB3D209A9CE7008085EF /* Frameworks */,
				8D5EDB3E209A9CE7008085EF /* CopyFiles */,
			);
			buildRules = (
			);
			dependencies = (
			);
			name = Assignment6;
			productName = Assignment6;
			productReference = 8D5EDB40209A9CE7008085EF /* Assignment6 */;
			productType = "com.apple.product-type.tool";
		};
/* End PBXNativeTarget section */

/* Begin PBXProject section */
		8D5EDB38209A9CE7008085EF /* Project object */ = {
			isa = PBXProject;
			attributes = {
				LastUpgradeCheck = 0930;
				ORGANIZATIONNAME = "CS 52";
				TargetAttributes = {
					8D5EDB3F209A9CE7008085EF = {
						CreatedOnToolsVersion = 9.3;
					};
				};
			};
			buildConfigurationList = 8D5EDB3B209A9CE7008085EF /* Build configuration list for PBXProject "Assignment6" */;
			compatibilityVersion = "Xcode 9.3";
			developmentRegion = en;
			hasScannedForEncodings = 0;
			knownRegions = (
				en,
			);
			mainGroup = 8D5EDB37209A9CE7008085EF;
			productRefGroup = 8D5EDB41209A9CE7008085EF /* Products */;
			projectDirPath = "";
			projectRoot = "";
			targets = (
				8D5EDB3F209A9CE7008085EF /* Assignment6 */,
			);
		};
/* End PBXProject section */

/* Begin PBXSourcesBuildPhase section */
		8D5EDB3C209A9CE7008085EF /* Sources */ = {
			isa = PBXSourcesBuildPhase;
			buildActionMask = 2147483647;
			files = (
				8D5EDB57209AA520008085EF /* CD.cpp in Sources */,
				8D5EDB51209AA1C2008085EF /* Book.cpp in Sources */,
				8D5EDB4E209A9DE0008085EF /* Item.cpp in Sources */,
				8D5EDB5A209AA65D008085EF /* ShoppingCart.cpp in Sources */,
				8D5EDB5D209AA932008085EF /* Customer.cpp in Sources */,
				8D5EDB54209AA346008085EF /* Movie.cpp in Sources */,
				8D5EDB4B209A9D29008085EF /* Problem1.cpp in Sources */,
			);
			runOnlyForDeploymentPostprocessing = 0;
		};
/* End PBXSourcesBuildPhase section */

/* Begin XCBuildConfiguration section */
		8D5EDB45209A9CE7008085EF /* Debug */ = {
			isa = XCBuildConfiguration;
			buildSettings = {
				ALWAYS_SEARCH_USER_PATHS = NO;
				CLANG_ANALYZER_NONNULL = YES;
				CLANG_ANALYZER_NUMBER_OBJECT_CONVERSION = YES_AGGRESSIVE;
				CLANG_CXX_LANGUAGE_STANDARD = "gnu++14";
				CLANG_CXX_LIBRARY = "libc++";
				CLANG_ENABLE_MODULES = YES;
				CLANG_ENABLE_OBJC_ARC = YES;
				CLANG_ENABLE_OBJC_WEAK = YES;
				CLANG_WARN_BLOCK_CAPTURE_AUTORELEASING = YES;
				CLANG_WARN_BOOL_CONVERSION = YES;
				CLANG_WARN_COMMA = YES;
				CLANG_WARN_CONSTANT_CONVERSION = YES;
				CLANG_WARN_DEPRECATED_OBJC_IMPLEMENTATIONS = YES;
				CLANG_WARN_DIRECT_OBJC_ISA_USAGE = YES_ERROR;
				CLANG_WARN_DOCUMENTATION_COMMENTS = YES;
				CLANG_WARN_EMPTY_BODY = YES;
				CLANG_WARN_ENUM_CONVERSION = YES;
				CLANG_WARN_INFINITE_RECURSION = YES;
				CLANG_WARN_INT_CONVERSION = YES;
				CLANG_WARN_NON_LITERAL_NULL_CONVERSION = YES;
				CLANG_WARN_OBJC_IMPLICIT_RETAIN_SELF = YES;
				CLANG_WARN_OBJC_LITERAL_CONVERSION = YES;
				CLANG_WARN_OBJC_ROOT_CLASS = YES_ERROR;
				CLANG_WARN_RANGE_LOOP_ANALYSIS = YES;
				CLANG_WARN_STRICT_PROTOTYPES = YES;
				CLANG_WARN_SUSPICIOUS_MOVE = YES;
				CLANG_WARN_UNGUARDED_AVAILABILITY = YES_AGGRESSIVE;
				CLANG_WARN_UNREACHABLE_CODE = YES;
				CLANG_WARN__DUPLICATE_METHOD_MATCH = YES;
				CODE_SIGN_IDENTITY = "-";
				COPY_PHASE_STRIP = NO;
				DEBUG_INFORMATION_FORMAT = dwarf;
				ENABLE_STRICT_OBJC_MSGSEND = YES;
				ENABLE_TESTABILITY = YES;
				GCC_C_LANGUAGE_STANDARD = gnu11;
				GCC_DYNAMIC_NO_PIC = NO;
				GCC_NO_COMMON_BLOCKS = YES;
				GCC_OPTIMIZATION_LEVEL = 0;
				GCC_PREPROCESSOR_DEFINITIONS = (
					"DEBUG=1",
					"$(inherited)",
				);
				GCC_WARN_64_TO_32_BIT_CONVERSION = YES;
				GCC_WARN_ABOUT_RETURN_TYPE = YES_ERROR;
				GCC_WARN_UNDECLARED_SELECTOR = YES;
				GCC_WARN_UNINITIALIZED_AUTOS = YES_AGGRESSIVE;
				GCC_WARN_UNUSED_FUNCTION = YES;
				GCC_WARN_UNUSED_VARIABLE = YES;
				MACOSX_DEPLOYMENT_TARGET = 10.13;
				MTL_ENABLE_DEBUG_INFO = YES;
				ONLY_ACTIVE_ARCH = YES;
				SDKROOT = macosx;
			};
			name = Debug;
		};
		8D5EDB46209A9CE7008085EF /* Release */ = {
			isa = XCBuildConfiguration;
			buildSettings = {
				ALWAYS_SEARCH_USER_PATHS = NO;
				CLANG_ANALYZER_NONNULL = YES;
				CLANG_ANALYZER_NUMBER_OBJECT_CONVERSION = YES_AGGRESSIVE;
				CLANG_CXX_LANGUAGE_STANDARD = "gnu++14";
				CLANG_CXX_LIBRARY = "libc++";
				CLANG_ENABLE_MODULES = YES;
				CLANG_ENABLE_OBJC_ARC = YES;
				CLANG_ENABLE_OBJC_WEAK = YES;
				CLANG_WARN_BLOCK_CAPTURE_AUTORELEASING = YES;
				CLANG_WARN_BOOL_CONVERSION = YES;
				CLANG_WARN_COMMA = YES;
				CLANG_WARN_CONSTANT_CONVERSION = YES;
				CLANG_WARN_DEPRECATED_OBJC_IMPLEMENTATIONS = YES;
				CLANG_WARN_DIRECT_OBJC_ISA_USAGE = YES_ERROR;
				CLANG_WARN_DOCUMENTATION_COMMENTS = YES;
				CLANG_WARN_EMPTY_BODY = YES;
				CLANG_WARN_ENUM_CONVERSION = YES;
				CLANG_WARN_INFINITE_RECURSION = YES;
				CLANG_WARN_INT_CONVERSION = YES;
				CLANG_WARN_NON_LITERAL_NULL_CONVERSION = YES;
				CLANG_WARN_OBJC_IMPLICIT_RETAIN_SELF = YES;
				CLANG_WARN_OBJC_LITERAL_CONVERSION = YES;
				CLANG_WARN_OBJC_ROOT_CLASS = YES_ERROR;
				CLANG_WARN_RANGE_LOOP_ANALYSIS = YES;
				CLANG_WARN_STRICT_PROTOTYPES = YES;
				CLANG_WARN_SUSPICIOUS_MOVE = YES;
				CLANG_WARN_UNGUARDED_AVAILABILITY = YES_AGGRESSIVE;
				CLANG_WARN_UNREACHABLE_CODE = YES;
				CLANG_WARN__DUPLICATE_METHOD_MATCH = YES;
				CODE_SIGN_IDENTITY = "-";
				COPY_PHASE_STRIP = NO;
				DEBUG_INFORMATION_FORMAT = "dwarf-with-dsym";
				ENABLE_NS_ASSERTIONS = NO;
				ENABLE_STRICT_OBJC_MSGSEND = YES;
				GCC_C_LANGUAGE_STANDARD = gnu11;
				GCC_NO_COMMON_BLOCKS = YES;
				GCC_WARN_64_TO_32_BIT_CONVERSION = YES;
				GCC_WARN_ABOUT_RETURN_TYPE = YES_ERROR;
				GCC_WARN_UNDECLARED_SELECTOR = YES;
				GCC_WARN_UNINITIALIZED_AUTOS = YES_AGGRESSIVE;
				GCC_WARN_UNUSED_FUNCTION = YES;
				GCC_WARN_UNUSED_VARIABLE = YES;
				MACOSX_DEPLOYMENT_TARGET = 10.13;
				MTL_ENABLE_DEBUG_INFO = NO;
				SDKROOT = macosx;
			};
			name = Release;
		};
		8D5EDB48209A9CE7008085EF /* Debug */ = {
			isa = XCBuildConfiguration;
			buildSettings = {
				CODE_SIGN_STYLE = Automatic;
				PRODUCT_NAME = "$(TARGET_NAME)";
			};
			name = Debug;
		};
		8D5EDB49209A9CE7008085EF /* Release */ = {
			isa = XCBuildConfiguration;
			buildSettings = {
				CODE_SIGN_STYLE = Automatic;
				PRODUCT_NAME = "$(TARGET_NAME)";
			};
			name = Release;
		};
/* End XCBuildConfiguration section */

/* Begin XCConfigurationList section */
		8D5EDB3B209A9CE7008085EF /* Build configuration list for PBXProject "Assignment6" */ = {
			isa = XCConfigurationList;
			buildConfigurations = (
				8D5EDB45209A9CE7008085EF /* Debug */,
				8D5EDB46209A9CE7008085EF /* Release */,
			);
			defaultConfigurationIsVisible = 0;
			defaultConfigurationName = Release;
		};
		8D5EDB47209A9CE7008085EF /* Build configuration list for PBXNativeTarget "Assignment6" */ = {
			isa = XCConfigurationList;
			buildConfigurations = (
				8D5EDB48209A9CE7008085EF /* Debug */,
				8D5EDB49209A9CE7008085EF /* Release */,
			);
			defaultConfigurationIsVisible = 0;
			defaultConfigurationName = Release;
		};
/* End XCConfigurationList section */
	};
	rootObject = 8D5EDB38209A9CE7008085EF /* Project object */;
}
